// !$*UTF8*$!
{
	archiveVersion = 1;
	classes = {
	};
	objectVersion = 48;
	objects = {

/* Begin PBXBuildFile section */
		850461771FBF326400F1DE24 /* Velocities.m in Sources */ = {isa = PBXBuildFile; fileRef = 850461751FBF326400F1DE24 /* Velocities.m */; };
		850461781FBF326400F1DE24 /* Velocities.xib in Resources */ = {isa = PBXBuildFile; fileRef = 850461761FBF326400F1DE24 /* Velocities.xib */; };
		850886291FCB102500D6D294 /* invert.png in Resources */ = {isa = PBXBuildFile; fileRef = 850886281FCB102300D6D294 /* invert.png */; };
		8508862B1FCB14D700D6D294 /* basket-clear.png in Resources */ = {isa = PBXBuildFile; fileRef = 8508862A1FCB14D600D6D294 /* basket-clear.png */; };
		852033BF1FBCE0A900EF2859 /* AppDelegate.swift in Sources */ = {isa = PBXBuildFile; fileRef = 852033BE1FBCE0A900EF2859 /* AppDelegate.swift */; };
		852033C11FBCE0A900EF2859 /* ViewController.swift in Sources */ = {isa = PBXBuildFile; fileRef = 852033C01FBCE0A900EF2859 /* ViewController.swift */; };
		852033C41FBCE0A900EF2859 /* Main.storyboard in Resources */ = {isa = PBXBuildFile; fileRef = 852033C21FBCE0A900EF2859 /* Main.storyboard */; };
		852033C61FBCE0A900EF2859 /* Assets.xcassets in Resources */ = {isa = PBXBuildFile; fileRef = 852033C51FBCE0A900EF2859 /* Assets.xcassets */; };
		852033C91FBCE0A900EF2859 /* LaunchScreen.storyboard in Resources */ = {isa = PBXBuildFile; fileRef = 852033C71FBCE0A900EF2859 /* LaunchScreen.storyboard */; };
		852033D41FBCE0A900EF2859 /* SynthTests.swift in Sources */ = {isa = PBXBuildFile; fileRef = 852033D31FBCE0A900EF2859 /* SynthTests.swift */; };
		852033DF1FBCE0A900EF2859 /* SynthUITests.swift in Sources */ = {isa = PBXBuildFile; fileRef = 852033DE1FBCE0A900EF2859 /* SynthUITests.swift */; };
		852033EE1FBCE0D900EF2859 /* AudioKit.framework in Frameworks */ = {isa = PBXBuildFile; fileRef = 852033EC1FBCE0D900EF2859 /* AudioKit.framework */; };
		852033EF1FBCE0D900EF2859 /* AudioKit.framework in Embed Frameworks */ = {isa = PBXBuildFile; fileRef = 852033EC1FBCE0D900EF2859 /* AudioKit.framework */; settings = {ATTRIBUTES = (CodeSignOnCopy, RemoveHeadersOnCopy, ); }; };
		852033F01FBCE0D900EF2859 /* AudioKitUI.framework in Frameworks */ = {isa = PBXBuildFile; fileRef = 852033ED1FBCE0D900EF2859 /* AudioKitUI.framework */; };
		852033F11FBCE0D900EF2859 /* AudioKitUI.framework in Embed Frameworks */ = {isa = PBXBuildFile; fileRef = 852033ED1FBCE0D900EF2859 /* AudioKitUI.framework */; settings = {ATTRIBUTES = (CodeSignOnCopy, RemoveHeadersOnCopy, ); }; };
		85252FD51FC7AA7600CBC6FA /* cymbal.png in Resources */ = {isa = PBXBuildFile; fileRef = 85252FB11FC7AA7500CBC6FA /* cymbal.png */; };
		85252FD61FC7AA7600CBC6FA /* hi hat.png in Resources */ = {isa = PBXBuildFile; fileRef = 85252FB21FC7AA7500CBC6FA /* hi hat.png */; };
		85252FD71FC7AA7600CBC6FA /* kick.png in Resources */ = {isa = PBXBuildFile; fileRef = 85252FB31FC7AA7500CBC6FA /* kick.png */; };
		85252FD81FC7AA7600CBC6FA /* snare.png in Resources */ = {isa = PBXBuildFile; fileRef = 85252FB41FC7AA7500CBC6FA /* snare.png */; };
		85252FD91FC7AA7600CBC6FA /* tom.png in Resources */ = {isa = PBXBuildFile; fileRef = 85252FB51FC7AA7500CBC6FA /* tom.png */; };
		85252FDA1FC7AA7600CBC6FA /* muted.png in Resources */ = {isa = PBXBuildFile; fileRef = 85252FB71FC7AA7500CBC6FA /* muted.png */; };
		85252FDB1FC7AA7600CBC6FA /* unmuted.png in Resources */ = {isa = PBXBuildFile; fileRef = 85252FB81FC7AA7500CBC6FA /* unmuted.png */; };
		85252FDD1FC7AA7600CBC6FA /* play.png in Resources */ = {isa = PBXBuildFile; fileRef = 85252FBB1FC7AA7500CBC6FA /* play.png */; };
		85252FDE1FC7AA7600CBC6FA /* stop.png in Resources */ = {isa = PBXBuildFile; fileRef = 85252FBC1FC7AA7500CBC6FA /* stop.png */; };
		85252FDF1FC7AA7600CBC6FA /* minus.png in Resources */ = {isa = PBXBuildFile; fileRef = 85252FBE1FC7AA7500CBC6FA /* minus.png */; };
		85252FE01FC7AA7600CBC6FA /* plus.png in Resources */ = {isa = PBXBuildFile; fileRef = 85252FBF1FC7AA7500CBC6FA /* plus.png */; };
		85252FE11FC7AA7600CBC6FA /* random.png in Resources */ = {isa = PBXBuildFile; fileRef = 85252FC11FC7AA7500CBC6FA /* random.png */; };
		85252FE21FC7AA7600CBC6FA /* reset.png in Resources */ = {isa = PBXBuildFile; fileRef = 85252FC21FC7AA7500CBC6FA /* reset.png */; };
		85252FE31FC7AA7600CBC6FA /* down.png in Resources */ = {isa = PBXBuildFile; fileRef = 85252FC41FC7AA7500CBC6FA /* down.png */; };
		85252FE41FC7AA7600CBC6FA /* lefts.png in Resources */ = {isa = PBXBuildFile; fileRef = 85252FC51FC7AA7500CBC6FA /* lefts.png */; };
		85252FE51FC7AA7600CBC6FA /* rights.png in Resources */ = {isa = PBXBuildFile; fileRef = 85252FC61FC7AA7500CBC6FA /* rights.png */; };
		85252FE61FC7AA7600CBC6FA /* up.png in Resources */ = {isa = PBXBuildFile; fileRef = 85252FC71FC7AA7500CBC6FA /* up.png */; };
		85252FE71FC7AA7600CBC6FA /* arranger.png in Resources */ = {isa = PBXBuildFile; fileRef = 85252FC91FC7AA7500CBC6FA /* arranger.png */; };
		85252FE81FC7AA7600CBC6FA /* expressivity.png in Resources */ = {isa = PBXBuildFile; fileRef = 85252FCA1FC7AA7500CBC6FA /* expressivity.png */; };
		85252FE91FC7AA7600CBC6FA /* mixer.png in Resources */ = {isa = PBXBuildFile; fileRef = 85252FCB1FC7AA7500CBC6FA /* mixer.png */; };
		85252FEA1FC7AA7600CBC6FA /* note.png in Resources */ = {isa = PBXBuildFile; fileRef = 85252FCC1FC7AA7500CBC6FA /* note.png */; };
		85252FEB1FC7AA7600CBC6FA /* sequencer.png in Resources */ = {isa = PBXBuildFile; fileRef = 85252FCD1FC7AA7500CBC6FA /* sequencer.png */; };
		85252FEC1FC7AA7600CBC6FA /* sounds.png in Resources */ = {isa = PBXBuildFile; fileRef = 85252FCE1FC7AA7500CBC6FA /* sounds.png */; };
		85252FED1FC7AA7600CBC6FA /* synth.png in Resources */ = {isa = PBXBuildFile; fileRef = 85252FCF1FC7AA7500CBC6FA /* synth.png */; };
		85252FEE1FC7AA7600CBC6FA /* saw.png in Resources */ = {isa = PBXBuildFile; fileRef = 85252FD11FC7AA7500CBC6FA /* saw.png */; };
		85252FEF1FC7AA7600CBC6FA /* sine.png in Resources */ = {isa = PBXBuildFile; fileRef = 85252FD21FC7AA7500CBC6FA /* sine.png */; };
		85252FF01FC7AA7600CBC6FA /* square.png in Resources */ = {isa = PBXBuildFile; fileRef = 85252FD31FC7AA7500CBC6FA /* square.png */; };
		85252FF11FC7AA7600CBC6FA /* triangle.png in Resources */ = {isa = PBXBuildFile; fileRef = 85252FD41FC7AA7500CBC6FA /* triangle.png */; };
		85252FF41FC7AE8F00CBC6FA /* right.png in Resources */ = {isa = PBXBuildFile; fileRef = 85252FF31FC7AE8D00CBC6FA /* right.png */; };
		85252FF61FC7B1A000CBC6FA /* left.png in Resources */ = {isa = PBXBuildFile; fileRef = 85252FF51FC7B19E00CBC6FA /* left.png */; };
		852A061E1FCB2DAE0097D8F8 /* pause.png in Resources */ = {isa = PBXBuildFile; fileRef = 852A061D1FCB2DAB0097D8F8 /* pause.png */; };
		852A06201FCB31E50097D8F8 /* reorder.png in Resources */ = {isa = PBXBuildFile; fileRef = 852A061F1FCB31E50097D8F8 /* reorder.png */; };
		852C1B421FD6E06400F3BD16 /* Icon-100.png in Resources */ = {isa = PBXBuildFile; fileRef = 852C1B241FD6E06400F3BD16 /* Icon-100.png */; };
		852C1B431FD6E06400F3BD16 /* Icon-1024.png in Resources */ = {isa = PBXBuildFile; fileRef = 852C1B251FD6E06400F3BD16 /* Icon-1024.png */; };
		852C1B441FD6E06400F3BD16 /* Icon-114.png in Resources */ = {isa = PBXBuildFile; fileRef = 852C1B261FD6E06400F3BD16 /* Icon-114.png */; };
		852C1B451FD6E06400F3BD16 /* Icon-120.png in Resources */ = {isa = PBXBuildFile; fileRef = 852C1B271FD6E06400F3BD16 /* Icon-120.png */; };
		852C1B461FD6E06400F3BD16 /* Icon-128.png in Resources */ = {isa = PBXBuildFile; fileRef = 852C1B281FD6E06400F3BD16 /* Icon-128.png */; };
		852C1B471FD6E06400F3BD16 /* Icon-144.png in Resources */ = {isa = PBXBuildFile; fileRef = 852C1B291FD6E06400F3BD16 /* Icon-144.png */; };
		852C1B481FD6E06400F3BD16 /* Icon-152.png in Resources */ = {isa = PBXBuildFile; fileRef = 852C1B2A1FD6E06400F3BD16 /* Icon-152.png */; };
		852C1B491FD6E06400F3BD16 /* Icon-16.png in Resources */ = {isa = PBXBuildFile; fileRef = 852C1B2B1FD6E06400F3BD16 /* Icon-16.png */; };
		852C1B4A1FD6E06400F3BD16 /* Icon-167.png in Resources */ = {isa = PBXBuildFile; fileRef = 852C1B2C1FD6E06400F3BD16 /* Icon-167.png */; };
		852C1B4B1FD6E06400F3BD16 /* Icon-172.png in Resources */ = {isa = PBXBuildFile; fileRef = 852C1B2D1FD6E06400F3BD16 /* Icon-172.png */; };
		852C1B4C1FD6E06400F3BD16 /* Icon-180.png in Resources */ = {isa = PBXBuildFile; fileRef = 852C1B2E1FD6E06400F3BD16 /* Icon-180.png */; };
		852C1B4D1FD6E06400F3BD16 /* Icon-196.png in Resources */ = {isa = PBXBuildFile; fileRef = 852C1B2F1FD6E06400F3BD16 /* Icon-196.png */; };
		852C1B4E1FD6E06400F3BD16 /* Icon-20.png in Resources */ = {isa = PBXBuildFile; fileRef = 852C1B301FD6E06400F3BD16 /* Icon-20.png */; };
		852C1B4F1FD6E06400F3BD16 /* Icon-256.png in Resources */ = {isa = PBXBuildFile; fileRef = 852C1B311FD6E06400F3BD16 /* Icon-256.png */; };
		852C1B501FD6E06400F3BD16 /* Icon-29.png in Resources */ = {isa = PBXBuildFile; fileRef = 852C1B321FD6E06400F3BD16 /* Icon-29.png */; };
		852C1B511FD6E06400F3BD16 /* Icon-32.png in Resources */ = {isa = PBXBuildFile; fileRef = 852C1B331FD6E06400F3BD16 /* Icon-32.png */; };
		852C1B521FD6E06400F3BD16 /* Icon-40.png in Resources */ = {isa = PBXBuildFile; fileRef = 852C1B341FD6E06400F3BD16 /* Icon-40.png */; };
		852C1B531FD6E06400F3BD16 /* Icon-48.png in Resources */ = {isa = PBXBuildFile; fileRef = 852C1B351FD6E06400F3BD16 /* Icon-48.png */; };
		852C1B541FD6E06400F3BD16 /* Icon-50.png in Resources */ = {isa = PBXBuildFile; fileRef = 852C1B361FD6E06400F3BD16 /* Icon-50.png */; };
		852C1B551FD6E06400F3BD16 /* Icon-512.png in Resources */ = {isa = PBXBuildFile; fileRef = 852C1B371FD6E06400F3BD16 /* Icon-512.png */; };
		852C1B561FD6E06400F3BD16 /* Icon-55.png in Resources */ = {isa = PBXBuildFile; fileRef = 852C1B381FD6E06400F3BD16 /* Icon-55.png */; };
		852C1B571FD6E06400F3BD16 /* Icon-57.png in Resources */ = {isa = PBXBuildFile; fileRef = 852C1B391FD6E06400F3BD16 /* Icon-57.png */; };
		852C1B581FD6E06400F3BD16 /* Icon-58.png in Resources */ = {isa = PBXBuildFile; fileRef = 852C1B3A1FD6E06400F3BD16 /* Icon-58.png */; };
		852C1B591FD6E06400F3BD16 /* Icon-60.png in Resources */ = {isa = PBXBuildFile; fileRef = 852C1B3B1FD6E06400F3BD16 /* Icon-60.png */; };
		852C1B5A1FD6E06400F3BD16 /* Icon-64.png in Resources */ = {isa = PBXBuildFile; fileRef = 852C1B3C1FD6E06400F3BD16 /* Icon-64.png */; };
		852C1B5B1FD6E06400F3BD16 /* Icon-72.png in Resources */ = {isa = PBXBuildFile; fileRef = 852C1B3D1FD6E06400F3BD16 /* Icon-72.png */; };
		852C1B5C1FD6E06400F3BD16 /* Icon-76.png in Resources */ = {isa = PBXBuildFile; fileRef = 852C1B3E1FD6E06400F3BD16 /* Icon-76.png */; };
		852C1B5D1FD6E06400F3BD16 /* Icon-80.png in Resources */ = {isa = PBXBuildFile; fileRef = 852C1B3F1FD6E06400F3BD16 /* Icon-80.png */; };
		852C1B5E1FD6E06400F3BD16 /* Icon-87.png in Resources */ = {isa = PBXBuildFile; fileRef = 852C1B401FD6E06400F3BD16 /* Icon-87.png */; };
		852C1B5F1FD6E06400F3BD16 /* Icon-88.png in Resources */ = {isa = PBXBuildFile; fileRef = 852C1B411FD6E06400F3BD16 /* Icon-88.png */; };
		853732C61FC0E67200264FDB /* Data.m in Sources */ = {isa = PBXBuildFile; fileRef = 853732C51FC0E67200264FDB /* Data.m */; };
		854F3D651FBDD4190085E604 /* hi-hat1.wav in Resources */ = {isa = PBXBuildFile; fileRef = 854F3D411FBDD4190085E604 /* hi-hat1.wav */; };
		854F3D661FBDD4190085E604 /* hi-hat2.wav in Resources */ = {isa = PBXBuildFile; fileRef = 854F3D421FBDD4190085E604 /* hi-hat2.wav */; };
		854F3D671FBDD4190085E604 /* hi-hat3.wav in Resources */ = {isa = PBXBuildFile; fileRef = 854F3D431FBDD4190085E604 /* hi-hat3.wav */; };
		854F3D6B1FBDD4190085E604 /* kick1.wav in Resources */ = {isa = PBXBuildFile; fileRef = 854F3D471FBDD4190085E604 /* kick1.wav */; };
		854F3D6C1FBDD4190085E604 /* kick2.wav in Resources */ = {isa = PBXBuildFile; fileRef = 854F3D481FBDD4190085E604 /* kick2.wav */; };
		854F3D6D1FBDD4190085E604 /* kick3.wav in Resources */ = {isa = PBXBuildFile; fileRef = 854F3D491FBDD4190085E604 /* kick3.wav */; };
		854F3D771FBDD4190085E604 /* snare1.wav in Resources */ = {isa = PBXBuildFile; fileRef = 854F3D531FBDD4190085E604 /* snare1.wav */; };
		854F3D781FBDD4190085E604 /* snare2.wav in Resources */ = {isa = PBXBuildFile; fileRef = 854F3D541FBDD4190085E604 /* snare2.wav */; };
		854F3D791FBDD4190085E604 /* snare3.wav in Resources */ = {isa = PBXBuildFile; fileRef = 854F3D551FBDD4190085E604 /* snare3.wav */; };
		854F3D7D1FBDD4190085E604 /* tom1.wav in Resources */ = {isa = PBXBuildFile; fileRef = 854F3D591FBDD4190085E604 /* tom1.wav */; };
		854F3D7E1FBDD4190085E604 /* tom2.wav in Resources */ = {isa = PBXBuildFile; fileRef = 854F3D5A1FBDD4190085E604 /* tom2.wav */; };
		854F3D7F1FBDD4190085E604 /* tom3.wav in Resources */ = {isa = PBXBuildFile; fileRef = 854F3D5B1FBDD4190085E604 /* tom3.wav */; };
		855E6AB11FCE15AD00F1EB4A /* vibration.png in Resources */ = {isa = PBXBuildFile; fileRef = 855E6AB01FCE15A700F1EB4A /* vibration.png */; };
		85630CD11FCDD01600EC3E47 /* fullkit.png in Resources */ = {isa = PBXBuildFile; fileRef = 85630CD01FCDD01200EC3E47 /* fullkit.png */; };
		856615AC1FBEF9BE008BB5C5 /* Drum sounds and reverb.m in Sources */ = {isa = PBXBuildFile; fileRef = 856615AA1FBEF9BE008BB5C5 /* Drum sounds and reverb.m */; };
		856615AD1FBEF9BE008BB5C5 /* Drum sounds and reverb.xib in Resources */ = {isa = PBXBuildFile; fileRef = 856615AB1FBEF9BE008BB5C5 /* Drum sounds and reverb.xib */; };
		858AB7ED1FBDB48A00280332 /* Sequencer.m in Sources */ = {isa = PBXBuildFile; fileRef = 858AB7EB1FBDB48A00280332 /* Sequencer.m */; };
		858AB7EE1FBDB48A00280332 /* Sequencer.xib in Resources */ = {isa = PBXBuildFile; fileRef = 858AB7EC1FBDB48A00280332 /* Sequencer.xib */; };
		85DC95661FCAD6C90079BD96 /* Arranger.m in Sources */ = {isa = PBXBuildFile; fileRef = 85DC95641FCAD6C90079BD96 /* Arranger.m */; };
		85DC95671FCAD6C90079BD96 /* Arranger.xib in Resources */ = {isa = PBXBuildFile; fileRef = 85DC95651FCAD6C90079BD96 /* Arranger.xib */; };
		85F650001FC64B8F00F43F0E /* Mix.m in Sources */ = {isa = PBXBuildFile; fileRef = 85F64FFE1FC64B8F00F43F0E /* Mix.m */; };
		85F650011FC64B8F00F43F0E /* Mix.xib in Resources */ = {isa = PBXBuildFile; fileRef = 85F64FFF1FC64B8F00F43F0E /* Mix.xib */; };
/* End PBXBuildFile section */

/* Begin PBXContainerItemProxy section */
		852033D01FBCE0A900EF2859 /* PBXContainerItemProxy */ = {
			isa = PBXContainerItemProxy;
			containerPortal = 852033B31FBCE0A900EF2859 /* Project object */;
			proxyType = 1;
			remoteGlobalIDString = 852033BA1FBCE0A900EF2859;
			remoteInfo = Synth;
		};
		852033DB1FBCE0A900EF2859 /* PBXContainerItemProxy */ = {
			isa = PBXContainerItemProxy;
			containerPortal = 852033B31FBCE0A900EF2859 /* Project object */;
			proxyType = 1;
			remoteGlobalIDString = 852033BA1FBCE0A900EF2859;
			remoteInfo = Synth;
		};
/* End PBXContainerItemProxy section */

/* Begin PBXCopyFilesBuildPhase section */
		852033F21FBCE0DA00EF2859 /* Embed Frameworks */ = {
			isa = PBXCopyFilesBuildPhase;
			buildActionMask = 2147483647;
			dstPath = "";
			dstSubfolderSpec = 10;
			files = (
				852033F11FBCE0D900EF2859 /* AudioKitUI.framework in Embed Frameworks */,
				852033EF1FBCE0D900EF2859 /* AudioKit.framework in Embed Frameworks */,
			);
			name = "Embed Frameworks";
			runOnlyForDeploymentPostprocessing = 0;
		};
/* End PBXCopyFilesBuildPhase section */

/* Begin PBXFileReference section */
		850461741FBF326400F1DE24 /* Velocities.h */ = {isa = PBXFileReference; lastKnownFileType = sourcecode.c.h; path = Velocities.h; sourceTree = "<group>"; };
		850461751FBF326400F1DE24 /* Velocities.m */ = {isa = PBXFileReference; lastKnownFileType = sourcecode.c.objc; path = Velocities.m; sourceTree = "<group>"; };
		850461761FBF326400F1DE24 /* Velocities.xib */ = {isa = PBXFileReference; lastKnownFileType = file.xib; path = Velocities.xib; sourceTree = "<group>"; };
		850886281FCB102300D6D294 /* invert.png */ = {isa = PBXFileReference; lastKnownFileType = image.png; path = invert.png; sourceTree = "<group>"; };
		8508862A1FCB14D600D6D294 /* basket-clear.png */ = {isa = PBXFileReference; lastKnownFileType = image.png; path = "basket-clear.png"; sourceTree = "<group>"; };
		852033BB1FBCE0A900EF2859 /* Synth.app */ = {isa = PBXFileReference; explicitFileType = wrapper.application; includeInIndex = 0; path = Synth.app; sourceTree = BUILT_PRODUCTS_DIR; };
		852033BE1FBCE0A900EF2859 /* AppDelegate.swift */ = {isa = PBXFileReference; lastKnownFileType = sourcecode.swift; path = AppDelegate.swift; sourceTree = "<group>"; };
		852033C01FBCE0A900EF2859 /* ViewController.swift */ = {isa = PBXFileReference; lastKnownFileType = sourcecode.swift; path = ViewController.swift; sourceTree = "<group>"; };
		852033C31FBCE0A900EF2859 /* Base */ = {isa = PBXFileReference; lastKnownFileType = file.storyboard; name = Base; path = Base.lproj/Main.storyboard; sourceTree = "<group>"; };
		852033C51FBCE0A900EF2859 /* Assets.xcassets */ = {isa = PBXFileReference; lastKnownFileType = folder.assetcatalog; path = Assets.xcassets; sourceTree = "<group>"; };
		852033C81FBCE0A900EF2859 /* Base */ = {isa = PBXFileReference; lastKnownFileType = file.storyboard; name = Base; path = Base.lproj/LaunchScreen.storyboard; sourceTree = "<group>"; };
		852033CA1FBCE0A900EF2859 /* Info.plist */ = {isa = PBXFileReference; lastKnownFileType = text.plist.xml; path = Info.plist; sourceTree = "<group>"; };
		852033CF1FBCE0A900EF2859 /* SynthTests.xctest */ = {isa = PBXFileReference; explicitFileType = wrapper.cfbundle; includeInIndex = 0; path = SynthTests.xctest; sourceTree = BUILT_PRODUCTS_DIR; };
		852033D31FBCE0A900EF2859 /* SynthTests.swift */ = {isa = PBXFileReference; lastKnownFileType = sourcecode.swift; path = SynthTests.swift; sourceTree = "<group>"; };
		852033D51FBCE0A900EF2859 /* Info.plist */ = {isa = PBXFileReference; lastKnownFileType = text.plist.xml; path = Info.plist; sourceTree = "<group>"; };
		852033DA1FBCE0A900EF2859 /* SynthUITests.xctest */ = {isa = PBXFileReference; explicitFileType = wrapper.cfbundle; includeInIndex = 0; path = SynthUITests.xctest; sourceTree = BUILT_PRODUCTS_DIR; };
		852033DE1FBCE0A900EF2859 /* SynthUITests.swift */ = {isa = PBXFileReference; lastKnownFileType = sourcecode.swift; path = SynthUITests.swift; sourceTree = "<group>"; };
		852033E01FBCE0A900EF2859 /* Info.plist */ = {isa = PBXFileReference; lastKnownFileType = text.plist.xml; path = Info.plist; sourceTree = "<group>"; };
		852033EC1FBCE0D900EF2859 /* AudioKit.framework */ = {isa = PBXFileReference; lastKnownFileType = wrapper.framework; path = AudioKit.framework; sourceTree = "<group>"; };
		852033ED1FBCE0D900EF2859 /* AudioKitUI.framework */ = {isa = PBXFileReference; lastKnownFileType = wrapper.framework; path = AudioKitUI.framework; sourceTree = "<group>"; };
		85252FB11FC7AA7500CBC6FA /* cymbal.png */ = {isa = PBXFileReference; lastKnownFileType = image.png; path = cymbal.png; sourceTree = "<group>"; };
		85252FB21FC7AA7500CBC6FA /* hi hat.png */ = {isa = PBXFileReference; lastKnownFileType = image.png; path = "hi hat.png"; sourceTree = "<group>"; };
		85252FB31FC7AA7500CBC6FA /* kick.png */ = {isa = PBXFileReference; lastKnownFileType = image.png; path = kick.png; sourceTree = "<group>"; };
		85252FB41FC7AA7500CBC6FA /* snare.png */ = {isa = PBXFileReference; lastKnownFileType = image.png; path = snare.png; sourceTree = "<group>"; };
		85252FB51FC7AA7500CBC6FA /* tom.png */ = {isa = PBXFileReference; lastKnownFileType = image.png; path = tom.png; sourceTree = "<group>"; };
		85252FB71FC7AA7500CBC6FA /* muted.png */ = {isa = PBXFileReference; lastKnownFileType = image.png; path = muted.png; sourceTree = "<group>"; };
		85252FB81FC7AA7500CBC6FA /* unmuted.png */ = {isa = PBXFileReference; lastKnownFileType = image.png; path = unmuted.png; sourceTree = "<group>"; };
		85252FBB1FC7AA7500CBC6FA /* play.png */ = {isa = PBXFileReference; lastKnownFileType = image.png; path = play.png; sourceTree = "<group>"; };
		85252FBC1FC7AA7500CBC6FA /* stop.png */ = {isa = PBXFileReference; lastKnownFileType = image.png; path = stop.png; sourceTree = "<group>"; };
		85252FBE1FC7AA7500CBC6FA /* minus.png */ = {isa = PBXFileReference; lastKnownFileType = image.png; path = minus.png; sourceTree = "<group>"; };
		85252FBF1FC7AA7500CBC6FA /* plus.png */ = {isa = PBXFileReference; lastKnownFileType = image.png; path = plus.png; sourceTree = "<group>"; };
		85252FC11FC7AA7500CBC6FA /* random.png */ = {isa = PBXFileReference; lastKnownFileType = image.png; path = random.png; sourceTree = "<group>"; };
		85252FC21FC7AA7500CBC6FA /* reset.png */ = {isa = PBXFileReference; lastKnownFileType = image.png; path = reset.png; sourceTree = "<group>"; };
		85252FC41FC7AA7500CBC6FA /* down.png */ = {isa = PBXFileReference; lastKnownFileType = image.png; path = down.png; sourceTree = "<group>"; };
		85252FC51FC7AA7500CBC6FA /* lefts.png */ = {isa = PBXFileReference; lastKnownFileType = image.png; path = lefts.png; sourceTree = "<group>"; };
		85252FC61FC7AA7500CBC6FA /* rights.png */ = {isa = PBXFileReference; lastKnownFileType = image.png; path = rights.png; sourceTree = "<group>"; };
		85252FC71FC7AA7500CBC6FA /* up.png */ = {isa = PBXFileReference; lastKnownFileType = image.png; path = up.png; sourceTree = "<group>"; };
		85252FC91FC7AA7500CBC6FA /* arranger.png */ = {isa = PBXFileReference; lastKnownFileType = image.png; path = arranger.png; sourceTree = "<group>"; };
		85252FCA1FC7AA7500CBC6FA /* expressivity.png */ = {isa = PBXFileReference; lastKnownFileType = image.png; path = expressivity.png; sourceTree = "<group>"; };
		85252FCB1FC7AA7500CBC6FA /* mixer.png */ = {isa = PBXFileReference; lastKnownFileType = image.png; path = mixer.png; sourceTree = "<group>"; };
		85252FCC1FC7AA7500CBC6FA /* note.png */ = {isa = PBXFileReference; lastKnownFileType = image.png; path = note.png; sourceTree = "<group>"; };
		85252FCD1FC7AA7500CBC6FA /* sequencer.png */ = {isa = PBXFileReference; lastKnownFileType = image.png; path = sequencer.png; sourceTree = "<group>"; };
		85252FCE1FC7AA7500CBC6FA /* sounds.png */ = {isa = PBXFileReference; lastKnownFileType = image.png; path = sounds.png; sourceTree = "<group>"; };
		85252FCF1FC7AA7500CBC6FA /* synth.png */ = {isa = PBXFileReference; lastKnownFileType = image.png; path = synth.png; sourceTree = "<group>"; };
		85252FD11FC7AA7500CBC6FA /* saw.png */ = {isa = PBXFileReference; lastKnownFileType = image.png; path = saw.png; sourceTree = "<group>"; };
		85252FD21FC7AA7500CBC6FA /* sine.png */ = {isa = PBXFileReference; lastKnownFileType = image.png; path = sine.png; sourceTree = "<group>"; };
		85252FD31FC7AA7500CBC6FA /* square.png */ = {isa = PBXFileReference; lastKnownFileType = image.png; path = square.png; sourceTree = "<group>"; };
		85252FD41FC7AA7500CBC6FA /* triangle.png */ = {isa = PBXFileReference; lastKnownFileType = image.png; path = triangle.png; sourceTree = "<group>"; };
		85252FF31FC7AE8D00CBC6FA /* right.png */ = {isa = PBXFileReference; lastKnownFileType = image.png; path = right.png; sourceTree = "<group>"; };
		85252FF51FC7B19E00CBC6FA /* left.png */ = {isa = PBXFileReference; lastKnownFileType = image.png; path = left.png; sourceTree = "<group>"; };
		852A061D1FCB2DAB0097D8F8 /* pause.png */ = {isa = PBXFileReference; lastKnownFileType = image.png; path = pause.png; sourceTree = "<group>"; };
		852A061F1FCB31E50097D8F8 /* reorder.png */ = {isa = PBXFileReference; lastKnownFileType = image.png; path = reorder.png; sourceTree = "<group>"; };
		852C1B241FD6E06400F3BD16 /* Icon-100.png */ = {isa = PBXFileReference; lastKnownFileType = image.png; path = "Icon-100.png"; sourceTree = "<group>"; };
		852C1B251FD6E06400F3BD16 /* Icon-1024.png */ = {isa = PBXFileReference; lastKnownFileType = image.png; path = "Icon-1024.png"; sourceTree = "<group>"; };
		852C1B261FD6E06400F3BD16 /* Icon-114.png */ = {isa = PBXFileReference; lastKnownFileType = image.png; path = "Icon-114.png"; sourceTree = "<group>"; };
		852C1B271FD6E06400F3BD16 /* Icon-120.png */ = {isa = PBXFileReference; lastKnownFileType = image.png; path = "Icon-120.png"; sourceTree = "<group>"; };
		852C1B281FD6E06400F3BD16 /* Icon-128.png */ = {isa = PBXFileReference; lastKnownFileType = image.png; path = "Icon-128.png"; sourceTree = "<group>"; };
		852C1B291FD6E06400F3BD16 /* Icon-144.png */ = {isa = PBXFileReference; lastKnownFileType = image.png; path = "Icon-144.png"; sourceTree = "<group>"; };
		852C1B2A1FD6E06400F3BD16 /* Icon-152.png */ = {isa = PBXFileReference; lastKnownFileType = image.png; path = "Icon-152.png"; sourceTree = "<group>"; };
		852C1B2B1FD6E06400F3BD16 /* Icon-16.png */ = {isa = PBXFileReference; lastKnownFileType = image.png; path = "Icon-16.png"; sourceTree = "<group>"; };
		852C1B2C1FD6E06400F3BD16 /* Icon-167.png */ = {isa = PBXFileReference; lastKnownFileType = image.png; path = "Icon-167.png"; sourceTree = "<group>"; };
		852C1B2D1FD6E06400F3BD16 /* Icon-172.png */ = {isa = PBXFileReference; lastKnownFileType = image.png; path = "Icon-172.png"; sourceTree = "<group>"; };
		852C1B2E1FD6E06400F3BD16 /* Icon-180.png */ = {isa = PBXFileReference; lastKnownFileType = image.png; path = "Icon-180.png"; sourceTree = "<group>"; };
		852C1B2F1FD6E06400F3BD16 /* Icon-196.png */ = {isa = PBXFileReference; lastKnownFileType = image.png; path = "Icon-196.png"; sourceTree = "<group>"; };
		852C1B301FD6E06400F3BD16 /* Icon-20.png */ = {isa = PBXFileReference; lastKnownFileType = image.png; path = "Icon-20.png"; sourceTree = "<group>"; };
		852C1B311FD6E06400F3BD16 /* Icon-256.png */ = {isa = PBXFileReference; lastKnownFileType = image.png; path = "Icon-256.png"; sourceTree = "<group>"; };
		852C1B321FD6E06400F3BD16 /* Icon-29.png */ = {isa = PBXFileReference; lastKnownFileType = image.png; path = "Icon-29.png"; sourceTree = "<group>"; };
		852C1B331FD6E06400F3BD16 /* Icon-32.png */ = {isa = PBXFileReference; lastKnownFileType = image.png; path = "Icon-32.png"; sourceTree = "<group>"; };
		852C1B341FD6E06400F3BD16 /* Icon-40.png */ = {isa = PBXFileReference; lastKnownFileType = image.png; path = "Icon-40.png"; sourceTree = "<group>"; };
		852C1B351FD6E06400F3BD16 /* Icon-48.png */ = {isa = PBXFileReference; lastKnownFileType = image.png; path = "Icon-48.png"; sourceTree = "<group>"; };
		852C1B361FD6E06400F3BD16 /* Icon-50.png */ = {isa = PBXFileReference; lastKnownFileType = image.png; path = "Icon-50.png"; sourceTree = "<group>"; };
		852C1B371FD6E06400F3BD16 /* Icon-512.png */ = {isa = PBXFileReference; lastKnownFileType = image.png; path = "Icon-512.png"; sourceTree = "<group>"; };
		852C1B381FD6E06400F3BD16 /* Icon-55.png */ = {isa = PBXFileReference; lastKnownFileType = image.png; path = "Icon-55.png"; sourceTree = "<group>"; };
		852C1B391FD6E06400F3BD16 /* Icon-57.png */ = {isa = PBXFileReference; lastKnownFileType = image.png; path = "Icon-57.png"; sourceTree = "<group>"; };
		852C1B3A1FD6E06400F3BD16 /* Icon-58.png */ = {isa = PBXFileReference; lastKnownFileType = image.png; path = "Icon-58.png"; sourceTree = "<group>"; };
		852C1B3B1FD6E06400F3BD16 /* Icon-60.png */ = {isa = PBXFileReference; lastKnownFileType = image.png; path = "Icon-60.png"; sourceTree = "<group>"; };
		852C1B3C1FD6E06400F3BD16 /* Icon-64.png */ = {isa = PBXFileReference; lastKnownFileType = image.png; path = "Icon-64.png"; sourceTree = "<group>"; };
		852C1B3D1FD6E06400F3BD16 /* Icon-72.png */ = {isa = PBXFileReference; lastKnownFileType = image.png; path = "Icon-72.png"; sourceTree = "<group>"; };
		852C1B3E1FD6E06400F3BD16 /* Icon-76.png */ = {isa = PBXFileReference; lastKnownFileType = image.png; path = "Icon-76.png"; sourceTree = "<group>"; };
		852C1B3F1FD6E06400F3BD16 /* Icon-80.png */ = {isa = PBXFileReference; lastKnownFileType = image.png; path = "Icon-80.png"; sourceTree = "<group>"; };
		852C1B401FD6E06400F3BD16 /* Icon-87.png */ = {isa = PBXFileReference; lastKnownFileType = image.png; path = "Icon-87.png"; sourceTree = "<group>"; };
		852C1B411FD6E06400F3BD16 /* Icon-88.png */ = {isa = PBXFileReference; lastKnownFileType = image.png; path = "Icon-88.png"; sourceTree = "<group>"; };
		853732C41FC0E67200264FDB /* Data.h */ = {isa = PBXFileReference; lastKnownFileType = sourcecode.c.h; path = Data.h; sourceTree = "<group>"; };
		853732C51FC0E67200264FDB /* Data.m */ = {isa = PBXFileReference; lastKnownFileType = sourcecode.c.objc; path = Data.m; sourceTree = "<group>"; };
		854F3D411FBDD4190085E604 /* hi-hat1.wav */ = {isa = PBXFileReference; lastKnownFileType = audio.wav; path = "hi-hat1.wav"; sourceTree = "<group>"; };
		854F3D421FBDD4190085E604 /* hi-hat2.wav */ = {isa = PBXFileReference; lastKnownFileType = audio.wav; path = "hi-hat2.wav"; sourceTree = "<group>"; };
		854F3D431FBDD4190085E604 /* hi-hat3.wav */ = {isa = PBXFileReference; lastKnownFileType = audio.wav; path = "hi-hat3.wav"; sourceTree = "<group>"; };
		854F3D471FBDD4190085E604 /* kick1.wav */ = {isa = PBXFileReference; lastKnownFileType = audio.wav; path = kick1.wav; sourceTree = "<group>"; };
		854F3D481FBDD4190085E604 /* kick2.wav */ = {isa = PBXFileReference; lastKnownFileType = audio.wav; path = kick2.wav; sourceTree = "<group>"; };
		854F3D491FBDD4190085E604 /* kick3.wav */ = {isa = PBXFileReference; lastKnownFileType = audio.wav; path = kick3.wav; sourceTree = "<group>"; };
		854F3D531FBDD4190085E604 /* snare1.wav */ = {isa = PBXFileReference; lastKnownFileType = audio.wav; path = snare1.wav; sourceTree = "<group>"; };
		854F3D541FBDD4190085E604 /* snare2.wav */ = {isa = PBXFileReference; lastKnownFileType = audio.wav; path = snare2.wav; sourceTree = "<group>"; };
		854F3D551FBDD4190085E604 /* snare3.wav */ = {isa = PBXFileReference; lastKnownFileType = audio.wav; path = snare3.wav; sourceTree = "<group>"; };
		854F3D591FBDD4190085E604 /* tom1.wav */ = {isa = PBXFileReference; lastKnownFileType = audio.wav; path = tom1.wav; sourceTree = "<group>"; };
		854F3D5A1FBDD4190085E604 /* tom2.wav */ = {isa = PBXFileReference; lastKnownFileType = audio.wav; path = tom2.wav; sourceTree = "<group>"; };
		854F3D5B1FBDD4190085E604 /* tom3.wav */ = {isa = PBXFileReference; lastKnownFileType = audio.wav; path = tom3.wav; sourceTree = "<group>"; };
		855E6AB01FCE15A700F1EB4A /* vibration.png */ = {isa = PBXFileReference; lastKnownFileType = image.png; path = vibration.png; sourceTree = "<group>"; };
		85630CD01FCDD01200EC3E47 /* fullkit.png */ = {isa = PBXFileReference; lastKnownFileType = image.png; path = fullkit.png; sourceTree = "<group>"; };
		856615A91FBEF9BE008BB5C5 /* Drum sounds and reverb.h */ = {isa = PBXFileReference; lastKnownFileType = sourcecode.c.h; path = "Drum sounds and reverb.h"; sourceTree = "<group>"; };
		856615AA1FBEF9BE008BB5C5 /* Drum sounds and reverb.m */ = {isa = PBXFileReference; lastKnownFileType = sourcecode.c.objc; path = "Drum sounds and reverb.m"; sourceTree = "<group>"; };
		856615AB1FBEF9BE008BB5C5 /* Drum sounds and reverb.xib */ = {isa = PBXFileReference; lastKnownFileType = file.xib; path = "Drum sounds and reverb.xib"; sourceTree = "<group>"; };
		858AB7EA1FBDB48A00280332 /* Sequencer.h */ = {isa = PBXFileReference; lastKnownFileType = sourcecode.c.h; path = Sequencer.h; sourceTree = "<group>"; };
		858AB7EB1FBDB48A00280332 /* Sequencer.m */ = {isa = PBXFileReference; lastKnownFileType = sourcecode.c.objc; path = Sequencer.m; sourceTree = "<group>"; };
		858AB7EC1FBDB48A00280332 /* Sequencer.xib */ = {isa = PBXFileReference; lastKnownFileType = file.xib; path = Sequencer.xib; sourceTree = "<group>"; };
		85DC95631FCAD6C90079BD96 /* Arranger.h */ = {isa = PBXFileReference; lastKnownFileType = sourcecode.c.h; path = Arranger.h; sourceTree = "<group>"; };
		85DC95641FCAD6C90079BD96 /* Arranger.m */ = {isa = PBXFileReference; lastKnownFileType = sourcecode.c.objc; path = Arranger.m; sourceTree = "<group>"; };
		85DC95651FCAD6C90079BD96 /* Arranger.xib */ = {isa = PBXFileReference; lastKnownFileType = file.xib; path = Arranger.xib; sourceTree = "<group>"; };
		85F64FFD1FC64B8F00F43F0E /* Mix.h */ = {isa = PBXFileReference; lastKnownFileType = sourcecode.c.h; path = Mix.h; sourceTree = "<group>"; };
		85F64FFE1FC64B8F00F43F0E /* Mix.m */ = {isa = PBXFileReference; lastKnownFileType = sourcecode.c.objc; path = Mix.m; sourceTree = "<group>"; };
		85F64FFF1FC64B8F00F43F0E /* Mix.xib */ = {isa = PBXFileReference; lastKnownFileType = file.xib; path = Mix.xib; sourceTree = "<group>"; };
/* End PBXFileReference section */

/* Begin PBXFrameworksBuildPhase section */
		852033B81FBCE0A900EF2859 /* Frameworks */ = {
			isa = PBXFrameworksBuildPhase;
			buildActionMask = 2147483647;
			files = (
				852033F01FBCE0D900EF2859 /* AudioKitUI.framework in Frameworks */,
				852033EE1FBCE0D900EF2859 /* AudioKit.framework in Frameworks */,
			);
			runOnlyForDeploymentPostprocessing = 0;
		};
		852033CC1FBCE0A900EF2859 /* Frameworks */ = {
			isa = PBXFrameworksBuildPhase;
			buildActionMask = 2147483647;
			files = (
			);
			runOnlyForDeploymentPostprocessing = 0;
		};
		852033D71FBCE0A900EF2859 /* Frameworks */ = {
			isa = PBXFrameworksBuildPhase;
			buildActionMask = 2147483647;
			files = (
			);
			runOnlyForDeploymentPostprocessing = 0;
		};
/* End PBXFrameworksBuildPhase section */

/* Begin PBXGroup section */
		852033B21FBCE0A900EF2859 = {
			isa = PBXGroup;
			children = (
				852033EC1FBCE0D900EF2859 /* AudioKit.framework */,
				852033ED1FBCE0D900EF2859 /* AudioKitUI.framework */,
				852033BD1FBCE0A900EF2859 /* Synth */,
				852033D21FBCE0A900EF2859 /* SynthTests */,
				852033DD1FBCE0A900EF2859 /* SynthUITests */,
				852033BC1FBCE0A900EF2859 /* Products */,
			);
			sourceTree = "<group>";
		};
		852033BC1FBCE0A900EF2859 /* Products */ = {
			isa = PBXGroup;
			children = (
				852033BB1FBCE0A900EF2859 /* Synth.app */,
				852033CF1FBCE0A900EF2859 /* SynthTests.xctest */,
				852033DA1FBCE0A900EF2859 /* SynthUITests.xctest */,
			);
			name = Products;
			sourceTree = "<group>";
		};
		852033BD1FBCE0A900EF2859 /* Synth */ = {
			isa = PBXGroup;
			children = (
				852033BE1FBCE0A900EF2859 /* AppDelegate.swift */,
				852033C01FBCE0A900EF2859 /* ViewController.swift */,
				852033C21FBCE0A900EF2859 /* Main.storyboard */,
				852033C51FBCE0A900EF2859 /* Assets.xcassets */,
				852033C71FBCE0A900EF2859 /* LaunchScreen.storyboard */,
				852033CA1FBCE0A900EF2859 /* Info.plist */,
				858AB7EA1FBDB48A00280332 /* Sequencer.h */,
				858AB7EB1FBDB48A00280332 /* Sequencer.m */,
				858AB7EC1FBDB48A00280332 /* Sequencer.xib */,
				85DC95631FCAD6C90079BD96 /* Arranger.h */,
				85DC95641FCAD6C90079BD96 /* Arranger.m */,
				85DC95651FCAD6C90079BD96 /* Arranger.xib */,
				856615A91FBEF9BE008BB5C5 /* Drum sounds and reverb.h */,
				856615AA1FBEF9BE008BB5C5 /* Drum sounds and reverb.m */,
				856615AB1FBEF9BE008BB5C5 /* Drum sounds and reverb.xib */,
				850461741FBF326400F1DE24 /* Velocities.h */,
				850461751FBF326400F1DE24 /* Velocities.m */,
				850461761FBF326400F1DE24 /* Velocities.xib */,
				85F64FFD1FC64B8F00F43F0E /* Mix.h */,
				85F64FFE1FC64B8F00F43F0E /* Mix.m */,
				85F64FFF1FC64B8F00F43F0E /* Mix.xib */,
				853732C41FC0E67200264FDB /* Data.h */,
				853732C51FC0E67200264FDB /* Data.m */,
				852C1B231FD6E06400F3BD16 /* appiconmaker.co_ios */,
				85252FAF1FC7AA7500CBC6FA /* icons */,
				854F3D3A1FBDD4190085E604 /* Drum samples */,
			);
			path = Synth;
			sourceTree = "<group>";
		};
		852033D21FBCE0A900EF2859 /* SynthTests */ = {
			isa = PBXGroup;
			children = (
				852033D31FBCE0A900EF2859 /* SynthTests.swift */,
				852033D51FBCE0A900EF2859 /* Info.plist */,
			);
			path = SynthTests;
			sourceTree = "<group>";
		};
		852033DD1FBCE0A900EF2859 /* SynthUITests */ = {
			isa = PBXGroup;
			children = (
				852033DE1FBCE0A900EF2859 /* SynthUITests.swift */,
				852033E01FBCE0A900EF2859 /* Info.plist */,
			);
			path = SynthUITests;
			sourceTree = "<group>";
		};
		85252FAF1FC7AA7500CBC6FA /* icons */ = {
			isa = PBXGroup;
			children = (
				85252FF21FC7AE8D00CBC6FA /* panning */,
				85252FB01FC7AA7500CBC6FA /* drum kit */,
				85252FB61FC7AA7500CBC6FA /* muted unmuted */,
				85252FB91FC7AA7500CBC6FA /* playback */,
				85252FBD1FC7AA7500CBC6FA /* plus and minus */,
				85252FC01FC7AA7500CBC6FA /* reset */,
				85252FC31FC7AA7500CBC6FA /* steppers */,
				85252FC81FC7AA7500CBC6FA /* tab bars icons */,
				85252FD01FC7AA7500CBC6FA /* waveforms */,
			);
			path = icons;
			sourceTree = "<group>";
		};
		85252FB01FC7AA7500CBC6FA /* drum kit */ = {
			isa = PBXGroup;
			children = (
				85630CD01FCDD01200EC3E47 /* fullkit.png */,
				85252FB11FC7AA7500CBC6FA /* cymbal.png */,
				85252FB21FC7AA7500CBC6FA /* hi hat.png */,
				85252FB31FC7AA7500CBC6FA /* kick.png */,
				85252FB41FC7AA7500CBC6FA /* snare.png */,
				85252FB51FC7AA7500CBC6FA /* tom.png */,
			);
			path = "drum kit";
			sourceTree = "<group>";
		};
		85252FB61FC7AA7500CBC6FA /* muted unmuted */ = {
			isa = PBXGroup;
			children = (
				85252FB71FC7AA7500CBC6FA /* muted.png */,
				85252FB81FC7AA7500CBC6FA /* unmuted.png */,
			);
			path = "muted unmuted";
			sourceTree = "<group>";
		};
		85252FB91FC7AA7500CBC6FA /* playback */ = {
			isa = PBXGroup;
			children = (
				8508862A1FCB14D600D6D294 /* basket-clear.png */,
				85252FBB1FC7AA7500CBC6FA /* play.png */,
				852A061D1FCB2DAB0097D8F8 /* pause.png */,
				85252FBC1FC7AA7500CBC6FA /* stop.png */,
			);
			path = playback;
			sourceTree = "<group>";
		};
		85252FBD1FC7AA7500CBC6FA /* plus and minus */ = {
			isa = PBXGroup;
			children = (
				85252FBE1FC7AA7500CBC6FA /* minus.png */,
				85252FBF1FC7AA7500CBC6FA /* plus.png */,
			);
			path = "plus and minus";
			sourceTree = "<group>";
		};
		85252FC01FC7AA7500CBC6FA /* reset */ = {
			isa = PBXGroup;
			children = (
				850886281FCB102300D6D294 /* invert.png */,
				85252FC11FC7AA7500CBC6FA /* random.png */,
				85252FC21FC7AA7500CBC6FA /* reset.png */,
			);
			path = reset;
			sourceTree = "<group>";
		};
		85252FC31FC7AA7500CBC6FA /* steppers */ = {
			isa = PBXGroup;
			children = (
				85252FC41FC7AA7500CBC6FA /* down.png */,
				85252FC51FC7AA7500CBC6FA /* lefts.png */,
				85252FC61FC7AA7500CBC6FA /* rights.png */,
				85252FC71FC7AA7500CBC6FA /* up.png */,
			);
			path = steppers;
			sourceTree = "<group>";
		};
		85252FC81FC7AA7500CBC6FA /* tab bars icons */ = {
			isa = PBXGroup;
			children = (
				85252FC91FC7AA7500CBC6FA /* arranger.png */,
				85252FCA1FC7AA7500CBC6FA /* expressivity.png */,
				85252FCB1FC7AA7500CBC6FA /* mixer.png */,
				852A061F1FCB31E50097D8F8 /* reorder.png */,
				85252FCC1FC7AA7500CBC6FA /* note.png */,
				85252FCD1FC7AA7500CBC6FA /* sequencer.png */,
				85252FCE1FC7AA7500CBC6FA /* sounds.png */,
				85252FCF1FC7AA7500CBC6FA /* synth.png */,
			);
			path = "tab bars icons";
			sourceTree = "<group>";
		};
		85252FD01FC7AA7500CBC6FA /* waveforms */ = {
			isa = PBXGroup;
			children = (
				85252FD11FC7AA7500CBC6FA /* saw.png */,
				855E6AB01FCE15A700F1EB4A /* vibration.png */,
				85252FD21FC7AA7500CBC6FA /* sine.png */,
				85252FD31FC7AA7500CBC6FA /* square.png */,
				85252FD41FC7AA7500CBC6FA /* triangle.png */,
			);
			path = waveforms;
			sourceTree = "<group>";
		};
		85252FF21FC7AE8D00CBC6FA /* panning */ = {
			isa = PBXGroup;
			children = (
				85252FF51FC7B19E00CBC6FA /* left.png */,
				85252FF31FC7AE8D00CBC6FA /* right.png */,
			);
			path = panning;
			sourceTree = "<group>";
		};
		852C1B231FD6E06400F3BD16 /* appiconmaker.co_ios */ = {
			isa = PBXGroup;
			children = (
				852C1B241FD6E06400F3BD16 /* Icon-100.png */,
				852C1B251FD6E06400F3BD16 /* Icon-1024.png */,
				852C1B261FD6E06400F3BD16 /* Icon-114.png */,
				852C1B271FD6E06400F3BD16 /* Icon-120.png */,
				852C1B281FD6E06400F3BD16 /* Icon-128.png */,
				852C1B291FD6E06400F3BD16 /* Icon-144.png */,
				852C1B2A1FD6E06400F3BD16 /* Icon-152.png */,
				852C1B2B1FD6E06400F3BD16 /* Icon-16.png */,
				852C1B2C1FD6E06400F3BD16 /* Icon-167.png */,
				852C1B2D1FD6E06400F3BD16 /* Icon-172.png */,
				852C1B2E1FD6E06400F3BD16 /* Icon-180.png */,
				852C1B2F1FD6E06400F3BD16 /* Icon-196.png */,
				852C1B301FD6E06400F3BD16 /* Icon-20.png */,
				852C1B311FD6E06400F3BD16 /* Icon-256.png */,
				852C1B321FD6E06400F3BD16 /* Icon-29.png */,
				852C1B331FD6E06400F3BD16 /* Icon-32.png */,
				852C1B341FD6E06400F3BD16 /* Icon-40.png */,
				852C1B351FD6E06400F3BD16 /* Icon-48.png */,
				852C1B361FD6E06400F3BD16 /* Icon-50.png */,
				852C1B371FD6E06400F3BD16 /* Icon-512.png */,
				852C1B381FD6E06400F3BD16 /* Icon-55.png */,
				852C1B391FD6E06400F3BD16 /* Icon-57.png */,
				852C1B3A1FD6E06400F3BD16 /* Icon-58.png */,
				852C1B3B1FD6E06400F3BD16 /* Icon-60.png */,
				852C1B3C1FD6E06400F3BD16 /* Icon-64.png */,
				852C1B3D1FD6E06400F3BD16 /* Icon-72.png */,
				852C1B3E1FD6E06400F3BD16 /* Icon-76.png */,
				852C1B3F1FD6E06400F3BD16 /* Icon-80.png */,
				852C1B401FD6E06400F3BD16 /* Icon-87.png */,
				852C1B411FD6E06400F3BD16 /* Icon-88.png */,
			);
			name = appiconmaker.co_ios;
			path = ../../../../Desktop/icons/appiconmaker.co_ios;
			sourceTree = "<group>";
		};
		854F3D3A1FBDD4190085E604 /* Drum samples */ = {
			isa = PBXGroup;
			children = (
				854F3D411FBDD4190085E604 /* hi-hat1.wav */,
				854F3D421FBDD4190085E604 /* hi-hat2.wav */,
				854F3D431FBDD4190085E604 /* hi-hat3.wav */,
				854F3D471FBDD4190085E604 /* kick1.wav */,
				854F3D481FBDD4190085E604 /* kick2.wav */,
				854F3D491FBDD4190085E604 /* kick3.wav */,
				854F3D531FBDD4190085E604 /* snare1.wav */,
				854F3D541FBDD4190085E604 /* snare2.wav */,
				854F3D551FBDD4190085E604 /* snare3.wav */,
				854F3D591FBDD4190085E604 /* tom1.wav */,
				854F3D5A1FBDD4190085E604 /* tom2.wav */,
				854F3D5B1FBDD4190085E604 /* tom3.wav */,
			);
			path = "Drum samples";
			sourceTree = "<group>";
		};
/* End PBXGroup section */

/* Begin PBXNativeTarget section */
		852033BA1FBCE0A900EF2859 /* Synth */ = {
			isa = PBXNativeTarget;
			buildConfigurationList = 852033E31FBCE0A900EF2859 /* Build configuration list for PBXNativeTarget "Synth" */;
			buildPhases = (
				852033B71FBCE0A900EF2859 /* Sources */,
				852033B81FBCE0A900EF2859 /* Frameworks */,
				852033B91FBCE0A900EF2859 /* Resources */,
				852033F21FBCE0DA00EF2859 /* Embed Frameworks */,
			);
			buildRules = (
			);
			dependencies = (
			);
			name = Synth;
			productName = Synth;
			productReference = 852033BB1FBCE0A900EF2859 /* Synth.app */;
			productType = "com.apple.product-type.application";
		};
		852033CE1FBCE0A900EF2859 /* SynthTests */ = {
			isa = PBXNativeTarget;
			buildConfigurationList = 852033E61FBCE0A900EF2859 /* Build configuration list for PBXNativeTarget "SynthTests" */;
			buildPhases = (
				852033CB1FBCE0A900EF2859 /* Sources */,
				852033CC1FBCE0A900EF2859 /* Frameworks */,
				852033CD1FBCE0A900EF2859 /* Resources */,
			);
			buildRules = (
			);
			dependencies = (
				852033D11FBCE0A900EF2859 /* PBXTargetDependency */,
			);
			name = SynthTests;
			productName = SynthTests;
			productReference = 852033CF1FBCE0A900EF2859 /* SynthTests.xctest */;
			productType = "com.apple.product-type.bundle.unit-test";
		};
		852033D91FBCE0A900EF2859 /* SynthUITests */ = {
			isa = PBXNativeTarget;
			buildConfigurationList = 852033E91FBCE0A900EF2859 /* Build configuration list for PBXNativeTarget "SynthUITests" */;
			buildPhases = (
				852033D61FBCE0A900EF2859 /* Sources */,
				852033D71FBCE0A900EF2859 /* Frameworks */,
				852033D81FBCE0A900EF2859 /* Resources */,
			);
			buildRules = (
			);
			dependencies = (
				852033DC1FBCE0A900EF2859 /* PBXTargetDependency */,
			);
			name = SynthUITests;
			productName = SynthUITests;
			productReference = 852033DA1FBCE0A900EF2859 /* SynthUITests.xctest */;
			productType = "com.apple.product-type.bundle.ui-testing";
		};
/* End PBXNativeTarget section */

/* Begin PBXProject section */
		852033B31FBCE0A900EF2859 /* Project object */ = {
			isa = PBXProject;
			attributes = {
				LastSwiftUpdateCheck = 0910;
				LastUpgradeCheck = 0910;
				ORGANIZATIONNAME = "Matteo Fabbri";
				TargetAttributes = {
					852033BA1FBCE0A900EF2859 = {
						CreatedOnToolsVersion = 9.1;
						LastSwiftMigration = 0910;
						ProvisioningStyle = Automatic;
					};
					852033CE1FBCE0A900EF2859 = {
						CreatedOnToolsVersion = 9.1;
						ProvisioningStyle = Automatic;
						TestTargetID = 852033BA1FBCE0A900EF2859;
					};
					852033D91FBCE0A900EF2859 = {
						CreatedOnToolsVersion = 9.1;
						ProvisioningStyle = Automatic;
						TestTargetID = 852033BA1FBCE0A900EF2859;
					};
				};
			};
			buildConfigurationList = 852033B61FBCE0A900EF2859 /* Build configuration list for PBXProject "Synth" */;
			compatibilityVersion = "Xcode 8.0";
			developmentRegion = en;
			hasScannedForEncodings = 0;
			knownRegions = (
				en,
				Base,
			);
			mainGroup = 852033B21FBCE0A900EF2859;
			productRefGroup = 852033BC1FBCE0A900EF2859 /* Products */;
			projectDirPath = "";
			projectRoot = "";
			targets = (
				852033BA1FBCE0A900EF2859 /* Synth */,
				852033CE1FBCE0A900EF2859 /* SynthTests */,
				852033D91FBCE0A900EF2859 /* SynthUITests */,
			);
		};
/* End PBXProject section */

/* Begin PBXResourcesBuildPhase section */
		852033B91FBCE0A900EF2859 /* Resources */ = {
			isa = PBXResourcesBuildPhase;
			buildActionMask = 2147483647;
			files = (
				85F650011FC64B8F00F43F0E /* Mix.xib in Resources */,
				852C1B4B1FD6E06400F3BD16 /* Icon-172.png in Resources */,
				854F3D7D1FBDD4190085E604 /* tom1.wav in Resources */,
				85630CD11FCDD01600EC3E47 /* fullkit.png in Resources */,
				852C1B4A1FD6E06400F3BD16 /* Icon-167.png in Resources */,
				852C1B431FD6E06400F3BD16 /* Icon-1024.png in Resources */,
				85252FDF1FC7AA7600CBC6FA /* minus.png in Resources */,
				854F3D661FBDD4190085E604 /* hi-hat2.wav in Resources */,
				850886291FCB102500D6D294 /* invert.png in Resources */,
				855E6AB11FCE15AD00F1EB4A /* vibration.png in Resources */,
				852C1B591FD6E06400F3BD16 /* Icon-60.png in Resources */,
				85252FE71FC7AA7600CBC6FA /* arranger.png in Resources */,
				85252FE21FC7AA7600CBC6FA /* reset.png in Resources */,
				854F3D6B1FBDD4190085E604 /* kick1.wav in Resources */,
				852C1B501FD6E06400F3BD16 /* Icon-29.png in Resources */,
				85252FE61FC7AA7600CBC6FA /* up.png in Resources */,
				85252FE31FC7AA7600CBC6FA /* down.png in Resources */,
				852C1B531FD6E06400F3BD16 /* Icon-48.png in Resources */,
				852C1B541FD6E06400F3BD16 /* Icon-50.png in Resources */,
				852C1B5E1FD6E06400F3BD16 /* Icon-87.png in Resources */,
				854F3D7E1FBDD4190085E604 /* tom2.wav in Resources */,
				852C1B511FD6E06400F3BD16 /* Icon-32.png in Resources */,
				85252FF11FC7AA7600CBC6FA /* triangle.png in Resources */,
				852033C91FBCE0A900EF2859 /* LaunchScreen.storyboard in Resources */,
				852C1B4C1FD6E06400F3BD16 /* Icon-180.png in Resources */,
				852C1B481FD6E06400F3BD16 /* Icon-152.png in Resources */,
				852A06201FCB31E50097D8F8 /* reorder.png in Resources */,
				850461781FBF326400F1DE24 /* Velocities.xib in Resources */,
				852C1B571FD6E06400F3BD16 /* Icon-57.png in Resources */,
				854F3D7F1FBDD4190085E604 /* tom3.wav in Resources */,
				85252FED1FC7AA7600CBC6FA /* synth.png in Resources */,
				852C1B471FD6E06400F3BD16 /* Icon-144.png in Resources */,
				852C1B5F1FD6E06400F3BD16 /* Icon-88.png in Resources */,
				85252FF41FC7AE8F00CBC6FA /* right.png in Resources */,
				85252FDB1FC7AA7600CBC6FA /* unmuted.png in Resources */,
				85252FD51FC7AA7600CBC6FA /* cymbal.png in Resources */,
				85252FDE1FC7AA7600CBC6FA /* stop.png in Resources */,
				852C1B521FD6E06400F3BD16 /* Icon-40.png in Resources */,
				85252FEC1FC7AA7600CBC6FA /* sounds.png in Resources */,
				852C1B491FD6E06400F3BD16 /* Icon-16.png in Resources */,
				854F3D6D1FBDD4190085E604 /* kick3.wav in Resources */,
				852C1B4E1FD6E06400F3BD16 /* Icon-20.png in Resources */,
				85252FF61FC7B1A000CBC6FA /* left.png in Resources */,
				85252FEA1FC7AA7600CBC6FA /* note.png in Resources */,
				852C1B451FD6E06400F3BD16 /* Icon-120.png in Resources */,
				852C1B5C1FD6E06400F3BD16 /* Icon-76.png in Resources */,
				852C1B461FD6E06400F3BD16 /* Icon-128.png in Resources */,
				85252FE51FC7AA7600CBC6FA /* rights.png in Resources */,
				852C1B4D1FD6E06400F3BD16 /* Icon-196.png in Resources */,
				852C1B441FD6E06400F3BD16 /* Icon-114.png in Resources */,
				85252FEF1FC7AA7600CBC6FA /* sine.png in Resources */,
				85252FE91FC7AA7600CBC6FA /* mixer.png in Resources */,
				858AB7EE1FBDB48A00280332 /* Sequencer.xib in Resources */,
				85252FD81FC7AA7600CBC6FA /* snare.png in Resources */,
				852C1B551FD6E06400F3BD16 /* Icon-512.png in Resources */,
				8508862B1FCB14D700D6D294 /* basket-clear.png in Resources */,
				85252FE41FC7AA7600CBC6FA /* lefts.png in Resources */,
				85252FDA1FC7AA7600CBC6FA /* muted.png in Resources */,
				852C1B5D1FD6E06400F3BD16 /* Icon-80.png in Resources */,
				852033C61FBCE0A900EF2859 /* Assets.xcassets in Resources */,
				854F3D651FBDD4190085E604 /* hi-hat1.wav in Resources */,
				85252FD61FC7AA7600CBC6FA /* hi hat.png in Resources */,
				85252FF01FC7AA7600CBC6FA /* square.png in Resources */,
				85252FE11FC7AA7600CBC6FA /* random.png in Resources */,
				856615AD1FBEF9BE008BB5C5 /* Drum sounds and reverb.xib in Resources */,
				85252FDD1FC7AA7600CBC6FA /* play.png in Resources */,
				852033C41FBCE0A900EF2859 /* Main.storyboard in Resources */,
				85252FE01FC7AA7600CBC6FA /* plus.png in Resources */,
				852A061E1FCB2DAE0097D8F8 /* pause.png in Resources */,
				85252FEB1FC7AA7600CBC6FA /* sequencer.png in Resources */,
				852C1B581FD6E06400F3BD16 /* Icon-58.png in Resources */,
				85DC95671FCAD6C90079BD96 /* Arranger.xib in Resources */,
				854F3D6C1FBDD4190085E604 /* kick2.wav in Resources */,
				854F3D791FBDD4190085E604 /* snare3.wav in Resources */,
				852C1B421FD6E06400F3BD16 /* Icon-100.png in Resources */,
				852C1B561FD6E06400F3BD16 /* Icon-55.png in Resources */,
				854F3D771FBDD4190085E604 /* snare1.wav in Resources */,
				85252FD91FC7AA7600CBC6FA /* tom.png in Resources */,
				852C1B5A1FD6E06400F3BD16 /* Icon-64.png in Resources */,
				85252FE81FC7AA7600CBC6FA /* expressivity.png in Resources */,
				85252FD71FC7AA7600CBC6FA /* kick.png in Resources */,
				852C1B5B1FD6E06400F3BD16 /* Icon-72.png in Resources */,
				854F3D671FBDD4190085E604 /* hi-hat3.wav in Resources */,
				854F3D781FBDD4190085E604 /* snare2.wav in Resources */,
				852C1B4F1FD6E06400F3BD16 /* Icon-256.png in Resources */,
				85252FEE1FC7AA7600CBC6FA /* saw.png in Resources */,
			);
			runOnlyForDeploymentPostprocessing = 0;
		};
		852033CD1FBCE0A900EF2859 /* Resources */ = {
			isa = PBXResourcesBuildPhase;
			buildActionMask = 2147483647;
			files = (
			);
			runOnlyForDeploymentPostprocessing = 0;
		};
		852033D81FBCE0A900EF2859 /* Resources */ = {
			isa = PBXResourcesBuildPhase;
			buildActionMask = 2147483647;
			files = (
			);
			runOnlyForDeploymentPostprocessing = 0;
		};
/* End PBXResourcesBuildPhase section */

/* Begin PBXSourcesBuildPhase section */
		852033B71FBCE0A900EF2859 /* Sources */ = {
			isa = PBXSourcesBuildPhase;
			buildActionMask = 2147483647;
			files = (
				856615AC1FBEF9BE008BB5C5 /* Drum sounds and reverb.m in Sources */,
				852033C11FBCE0A900EF2859 /* ViewController.swift in Sources */,
				85F650001FC64B8F00F43F0E /* Mix.m in Sources */,
				858AB7ED1FBDB48A00280332 /* Sequencer.m in Sources */,
				850461771FBF326400F1DE24 /* Velocities.m in Sources */,
				852033BF1FBCE0A900EF2859 /* AppDelegate.swift in Sources */,
				853732C61FC0E67200264FDB /* Data.m in Sources */,
				85DC95661FCAD6C90079BD96 /* Arranger.m in Sources */,
			);
			runOnlyForDeploymentPostprocessing = 0;
		};
		852033CB1FBCE0A900EF2859 /* Sources */ = {
			isa = PBXSourcesBuildPhase;
			buildActionMask = 2147483647;
			files = (
				852033D41FBCE0A900EF2859 /* SynthTests.swift in Sources */,
			);
			runOnlyForDeploymentPostprocessing = 0;
		};
		852033D61FBCE0A900EF2859 /* Sources */ = {
			isa = PBXSourcesBuildPhase;
			buildActionMask = 2147483647;
			files = (
				852033DF1FBCE0A900EF2859 /* SynthUITests.swift in Sources */,
			);
			runOnlyForDeploymentPostprocessing = 0;
		};
/* End PBXSourcesBuildPhase section */

/* Begin PBXTargetDependency section */
		852033D11FBCE0A900EF2859 /* PBXTargetDependency */ = {
			isa = PBXTargetDependency;
			target = 852033BA1FBCE0A900EF2859 /* Synth */;
			targetProxy = 852033D01FBCE0A900EF2859 /* PBXContainerItemProxy */;
		};
		852033DC1FBCE0A900EF2859 /* PBXTargetDependency */ = {
			isa = PBXTargetDependency;
			target = 852033BA1FBCE0A900EF2859 /* Synth */;
			targetProxy = 852033DB1FBCE0A900EF2859 /* PBXContainerItemProxy */;
		};
/* End PBXTargetDependency section */

/* Begin PBXVariantGroup section */
		852033C21FBCE0A900EF2859 /* Main.storyboard */ = {
			isa = PBXVariantGroup;
			children = (
				852033C31FBCE0A900EF2859 /* Base */,
			);
			name = Main.storyboard;
			sourceTree = "<group>";
		};
		852033C71FBCE0A900EF2859 /* LaunchScreen.storyboard */ = {
			isa = PBXVariantGroup;
			children = (
				852033C81FBCE0A900EF2859 /* Base */,
			);
			name = LaunchScreen.storyboard;
			sourceTree = "<group>";
		};
/* End PBXVariantGroup section */

/* Begin XCBuildConfiguration section */
		852033E11FBCE0A900EF2859 /* Debug */ = {
			isa = XCBuildConfiguration;
			buildSettings = {
				ALWAYS_SEARCH_USER_PATHS = NO;
				CLANG_ANALYZER_NONNULL = YES;
				CLANG_ANALYZER_NUMBER_OBJECT_CONVERSION = YES_AGGRESSIVE;
				CLANG_CXX_LANGUAGE_STANDARD = "gnu++14";
				CLANG_CXX_LIBRARY = "libc++";
				CLANG_ENABLE_MODULES = YES;
				CLANG_ENABLE_OBJC_ARC = YES;
				CLANG_WARN_BLOCK_CAPTURE_AUTORELEASING = YES;
				CLANG_WARN_BOOL_CONVERSION = YES;
				CLANG_WARN_COMMA = YES;
				CLANG_WARN_CONSTANT_CONVERSION = YES;
				CLANG_WARN_DIRECT_OBJC_ISA_USAGE = YES_ERROR;
				CLANG_WARN_DOCUMENTATION_COMMENTS = YES;
				CLANG_WARN_EMPTY_BODY = YES;
				CLANG_WARN_ENUM_CONVERSION = YES;
				CLANG_WARN_INFINITE_RECURSION = YES;
				CLANG_WARN_INT_CONVERSION = YES;
				CLANG_WARN_NON_LITERAL_NULL_CONVERSION = YES;
				CLANG_WARN_OBJC_LITERAL_CONVERSION = YES;
				CLANG_WARN_OBJC_ROOT_CLASS = YES_ERROR;
				CLANG_WARN_RANGE_LOOP_ANALYSIS = YES;
				CLANG_WARN_STRICT_PROTOTYPES = YES;
				CLANG_WARN_SUSPICIOUS_MOVE = YES;
				CLANG_WARN_UNGUARDED_AVAILABILITY = YES_AGGRESSIVE;
				CLANG_WARN_UNREACHABLE_CODE = YES;
				CLANG_WARN__DUPLICATE_METHOD_MATCH = YES;
				CODE_SIGN_IDENTITY = "iPhone Developer";
				COPY_PHASE_STRIP = NO;
				DEBUG_INFORMATION_FORMAT = dwarf;
				ENABLE_STRICT_OBJC_MSGSEND = YES;
				ENABLE_TESTABILITY = YES;
				GCC_C_LANGUAGE_STANDARD = gnu11;
				GCC_DYNAMIC_NO_PIC = NO;
				GCC_NO_COMMON_BLOCKS = YES;
				GCC_OPTIMIZATION_LEVEL = 0;
				GCC_PREPROCESSOR_DEFINITIONS = (
					"DEBUG=1",
					"$(inherited)",
				);
				GCC_WARN_64_TO_32_BIT_CONVERSION = YES;
				GCC_WARN_ABOUT_RETURN_TYPE = YES_ERROR;
				GCC_WARN_UNDECLARED_SELECTOR = YES;
				GCC_WARN_UNINITIALIZED_AUTOS = YES_AGGRESSIVE;
				GCC_WARN_UNUSED_FUNCTION = YES;
				GCC_WARN_UNUSED_VARIABLE = YES;
				IPHONEOS_DEPLOYMENT_TARGET = 11.1;
				MTL_ENABLE_DEBUG_INFO = YES;
				ONLY_ACTIVE_ARCH = YES;
				SDKROOT = iphoneos;
				SWIFT_ACTIVE_COMPILATION_CONDITIONS = DEBUG;
				SWIFT_OPTIMIZATION_LEVEL = "-Onone";
			};
			name = Debug;
		};
		852033E21FBCE0A900EF2859 /* Release */ = {
			isa = XCBuildConfiguration;
			buildSettings = {
				ALWAYS_SEARCH_USER_PATHS = NO;
				CLANG_ANALYZER_NONNULL = YES;
				CLANG_ANALYZER_NUMBER_OBJECT_CONVERSION = YES_AGGRESSIVE;
				CLANG_CXX_LANGUAGE_STANDARD = "gnu++14";
				CLANG_CXX_LIBRARY = "libc++";
				CLANG_ENABLE_MODULES = YES;
				CLANG_ENABLE_OBJC_ARC = YES;
				CLANG_WARN_BLOCK_CAPTURE_AUTORELEASING = YES;
				CLANG_WARN_BOOL_CONVERSION = YES;
				CLANG_WARN_COMMA = YES;
				CLANG_WARN_CONSTANT_CONVERSION = YES;
				CLANG_WARN_DIRECT_OBJC_ISA_USAGE = YES_ERROR;
				CLANG_WARN_DOCUMENTATION_COMMENTS = YES;
				CLANG_WARN_EMPTY_BODY = YES;
				CLANG_WARN_ENUM_CONVERSION = YES;
				CLANG_WARN_INFINITE_RECURSION = YES;
				CLANG_WARN_INT_CONVERSION = YES;
				CLANG_WARN_NON_LITERAL_NULL_CONVERSION = YES;
				CLANG_WARN_OBJC_LITERAL_CONVERSION = YES;
				CLANG_WARN_OBJC_ROOT_CLASS = YES_ERROR;
				CLANG_WARN_RANGE_LOOP_ANALYSIS = YES;
				CLANG_WARN_STRICT_PROTOTYPES = YES;
				CLANG_WARN_SUSPICIOUS_MOVE = YES;
				CLANG_WARN_UNGUARDED_AVAILABILITY = YES_AGGRESSIVE;
				CLANG_WARN_UNREACHABLE_CODE = YES;
				CLANG_WARN__DUPLICATE_METHOD_MATCH = YES;
				CODE_SIGN_IDENTITY = "iPhone Developer";
				COPY_PHASE_STRIP = NO;
				DEBUG_INFORMATION_FORMAT = "dwarf-with-dsym";
				ENABLE_NS_ASSERTIONS = NO;
				ENABLE_STRICT_OBJC_MSGSEND = YES;
				GCC_C_LANGUAGE_STANDARD = gnu11;
				GCC_NO_COMMON_BLOCKS = YES;
				GCC_WARN_64_TO_32_BIT_CONVERSION = YES;
				GCC_WARN_ABOUT_RETURN_TYPE = YES_ERROR;
				GCC_WARN_UNDECLARED_SELECTOR = YES;
				GCC_WARN_UNINITIALIZED_AUTOS = YES_AGGRESSIVE;
				GCC_WARN_UNUSED_FUNCTION = YES;
				GCC_WARN_UNUSED_VARIABLE = YES;
				IPHONEOS_DEPLOYMENT_TARGET = 11.1;
				MTL_ENABLE_DEBUG_INFO = NO;
				SDKROOT = iphoneos;
				SWIFT_OPTIMIZATION_LEVEL = "-Owholemodule";
				VALIDATE_PRODUCT = YES;
			};
			name = Release;
		};
		852033E41FBCE0A900EF2859 /* Debug */ = {
			isa = XCBuildConfiguration;
			buildSettings = {
				ASSETCATALOG_COMPILER_APPICON_NAME = AppIcon;
				CLANG_ENABLE_MODULES = YES;
				CODE_SIGN_STYLE = Automatic;
				DEVELOPMENT_TEAM = "";
				FRAMEWORK_SEARCH_PATHS = (
					"$(inherited)",
					"$(PROJECT_DIR)",
				);
				INFOPLIST_FILE = Synth/Info.plist;
				IPHONEOS_DEPLOYMENT_TARGET = 9.3;
				LD_RUNPATH_SEARCH_PATHS = "$(inherited) @executable_path/Frameworks";
				PRODUCT_BUNDLE_IDENTIFIER = "University-of-Leeds.Synth";
				PRODUCT_NAME = "$(TARGET_NAME)";
				SWIFT_OPTIMIZATION_LEVEL = "-Onone";
				SWIFT_VERSION = 4.0;
				TARGETED_DEVICE_FAMILY = "1,2";
			};
			name = Debug;
		};
		852033E51FBCE0A900EF2859 /* Release */ = {
			isa = XCBuildConfiguration;
			buildSettings = {
				ASSETCATALOG_COMPILER_APPICON_NAME = AppIcon;
				CLANG_ENABLE_MODULES = YES;
				CODE_SIGN_STYLE = Automatic;
				DEVELOPMENT_TEAM = "";
				FRAMEWORK_SEARCH_PATHS = (
					"$(inherited)",
					"$(PROJECT_DIR)",
				);
				INFOPLIST_FILE = Synth/Info.plist;
				IPHONEOS_DEPLOYMENT_TARGET = 9.3;
				LD_RUNPATH_SEARCH_PATHS = "$(inherited) @executable_path/Frameworks";
				PRODUCT_BUNDLE_IDENTIFIER = "University-of-Leeds.Synth";
				PRODUCT_NAME = "$(TARGET_NAME)";
				SWIFT_VERSION = 4.0;
				TARGETED_DEVICE_FAMILY = "1,2";
			};
			name = Release;
		};
		852033E71FBCE0A900EF2859 /* Debug */ = {
			isa = XCBuildConfiguration;
			buildSettings = {
				ALWAYS_EMBED_SWIFT_STANDARD_LIBRARIES = YES;
				BUNDLE_LOADER = "$(TEST_HOST)";
				CODE_SIGN_STYLE = Automatic;
				DEVELOPMENT_TEAM = JF46AH4W9E;
				INFOPLIST_FILE = SynthTests/Info.plist;
				IPHONEOS_DEPLOYMENT_TARGET = 9.3;
				LD_RUNPATH_SEARCH_PATHS = "$(inherited) @executable_path/Frameworks @loader_path/Frameworks";
				PRODUCT_BUNDLE_IDENTIFIER = "University-of-Leeds.SynthTests";
				PRODUCT_NAME = "$(TARGET_NAME)";
				SWIFT_VERSION = 4.0;
				TARGETED_DEVICE_FAMILY = "1,2";
				TEST_HOST = "$(BUILT_PRODUCTS_DIR)/Synth.app/Synth";
			};
			name = Debug;
		};
		852033E81FBCE0A900EF2859 /* Release */ = {
			isa = XCBuildConfiguration;
			buildSettings = {
				ALWAYS_EMBED_SWIFT_STANDARD_LIBRARIES = YES;
				BUNDLE_LOADER = "$(TEST_HOST)";
				CODE_SIGN_STYLE = Automatic;
				DEVELOPMENT_TEAM = JF46AH4W9E;
				INFOPLIST_FILE = SynthTests/Info.plist;
				IPHONEOS_DEPLOYMENT_TARGET = 9.3;
				LD_RUNPATH_SEARCH_PATHS = "$(inherited) @executable_path/Frameworks @loader_path/Frameworks";
				PRODUCT_BUNDLE_IDENTIFIER = "University-of-Leeds.SynthTests";
				PRODUCT_NAME = "$(TARGET_NAME)";
				SWIFT_VERSION = 4.0;
				TARGETED_DEVICE_FAMILY = "1,2";
				TEST_HOST = "$(BUILT_PRODUCTS_DIR)/Synth.app/Synth";
			};
			name = Release;
		};
		852033EA1FBCE0A900EF2859 /* Debug */ = {
			isa = XCBuildConfiguration;
			buildSettings = {
				ALWAYS_EMBED_SWIFT_STANDARD_LIBRARIES = YES;
				CODE_SIGN_STYLE = Automatic;
				DEVELOPMENT_TEAM = JF46AH4W9E;
				INFOPLIST_FILE = SynthUITests/Info.plist;
				LD_RUNPATH_SEARCH_PATHS = "$(inherited) @executable_path/Frameworks @loader_path/Frameworks";
				PRODUCT_BUNDLE_IDENTIFIER = "University-of-Leeds.SynthUITests";
				PRODUCT_NAME = "$(TARGET_NAME)";
				SWIFT_VERSION = 4.0;
				TARGETED_DEVICE_FAMILY = "1,2";
				TEST_TARGET_NAME = Synth;
			};
			name = Debug;
		};
		852033EB1FBCE0A900EF2859 /* Release */ = {
			isa = XCBuildConfiguration;
			buildSettings = {
				ALWAYS_EMBED_SWIFT_STANDARD_LIBRARIES = YES;
				CODE_SIGN_STYLE = Automatic;
				DEVELOPMENT_TEAM = JF46AH4W9E;
				INFOPLIST_FILE = SynthUITests/Info.plist;
				LD_RUNPATH_SEARCH_PATHS = "$(inherited) @executable_path/Frameworks @loader_path/Frameworks";
				PRODUCT_BUNDLE_IDENTIFIER = "University-of-Leeds.SynthUITests";
				PRODUCT_NAME = "$(TARGET_NAME)";
				SWIFT_VERSION = 4.0;
				TARGETED_DEVICE_FAMILY = "1,2";
				TEST_TARGET_NAME = Synth;
			};
			name = Release;
		};
/* End XCBuildConfiguration section */

/* Begin XCConfigurationList section */
		852033B61FBCE0A900EF2859 /* Build configuration list for PBXProject "Synth" */ = {
			isa = XCConfigurationList;
			buildConfigurations = (
				852033E11FBCE0A900EF2859 /* Debug */,
				852033E21FBCE0A900EF2859 /* Release */,
			);
			defaultConfigurationIsVisible = 0;
			defaultConfigurationName = Release;
		};
		852033E31FBCE0A900EF2859 /* Build configuration list for PBXNativeTarget "Synth" */ = {
			isa = XCConfigurationList;
			buildConfigurations = (
				852033E41FBCE0A900EF2859 /* Debug */,
				852033E51FBCE0A900EF2859 /* Release */,
			);
			defaultConfigurationIsVisible = 0;
			defaultConfigurationName = Release;
		};
		852033E61FBCE0A900EF2859 /* Build configuration list for PBXNativeTarget "SynthTests" */ = {
			isa = XCConfigurationList;
			buildConfigurations = (
				852033E71FBCE0A900EF2859 /* Debug */,
				852033E81FBCE0A900EF2859 /* Release */,
			);
			defaultConfigurationIsVisible = 0;
			defaultConfigurationName = Release;
		};
		852033E91FBCE0A900EF2859 /* Build configuration list for PBXNativeTarget "SynthUITests" */ = {
			isa = XCConfigurationList;
			buildConfigurations = (
				852033EA1FBCE0A900EF2859 /* Debug */,
				852033EB1FBCE0A900EF2859 /* Release */,
			);
			defaultConfigurationIsVisible = 0;
			defaultConfigurationName = Release;
		};
/* End XCConfigurationList section */
	};
	rootObject = 852033B31FBCE0A900EF2859 /* Project object */;
}
